<?xml version="1.0" encoding="utf-8"?>
<Project ToolsVersion="4.0" xmlns="http://schemas.microsoft.com/developer/msbuild/2003">
  <ItemGroup>
    <Filter Include="Source Files">
      <UniqueIdentifier>{4FC737F1-C7A5-4376-A066-2A32D752A2FF}</UniqueIdentifier>
      <Extensions>cpp;c;cc;cxx;c++;def;odl;idl;hpj;bat;asm;asmx</Extensions>
    </Filter>
    <Filter Include="Header Files">
      <UniqueIdentifier>{93995380-89BD-4b04-88EB-625FBE52EBFB}</UniqueIdentifier>
      <Extensions>h;hh;hpp;hxx;h++;hm;inl;inc;ipp;xsd</Extensions>
    </Filter>
    <Filter Include="Tests">
      <UniqueIdentifier>{B41E5D29-9C4F-4F1B-9E62-1B5FAC44E4D5}</UniqueIdentifier>
      <Extensions>cpp;hpp</Extensions>
    </Filter>
  </ItemGroup>
  <ItemGroup>
    <ClCompile Include="src\main.cpp">
      <Filter>Source Files</Filter>
    </ClCompile>
    <ClCompile Include="src\compiler.cpp">
      <Filter>Source Files</Filter>
    </ClCompile>
    <ClCompile Include="src\prover.cpp">
      <Filter>Source Files</Filter>
    </ClCompile>
    <ClCompile Include="src\memory.cpp">
      <Filter>Source Files</Filter>
    </ClCompile>
    <ClCompile Include="src\filter.cpp">
      <Filter>Source Files</Filter>
    </ClCompile>
    <ClCompile Include="src\visualizer.cpp">
      <Filter>Source Files</Filter>
    </ClCompile>
    <ClCompile Include="src\compressor.cpp">
      <Filter>Source Files</Filter>
    </ClCompile>
    <ClCompile Include="src\run_modes.cpp">
      <Filter>Source Files</Filter>
    </ClCompile>
    <ClCompile Include="src\conjecturer.cpp">
      <Filter>Source Files</Filter>
    </ClCompile>
    <ClCompile Include="src\tests\test_harness.cpp">
      <Filter>Tests</Filter>
    </ClCompile>
    <ClCompile Include="src\tests\test_memory.cpp">
      <Filter>Tests</Filter>
    </ClCompile>
    <ClCompile Include="src\tests\test_compiler.cpp">
      <Filter>Tests</Filter>
    </ClCompile>
    <ClCompile Include="src\tests\test_filter.cpp">
      <Filter>Tests</Filter>
    </ClCompile>
    <ClCompile Include="src\tests\test_compressor.cpp">
      <Filter>Tests</Filter>
    </ClCompile>
    <ClCompile Include="src\tests\test_conjecturer.cpp">
      <Filter>Tests</Filter>
    </ClCompile>
  </ItemGroup>
  <ItemGroup>
    <ClInclude Include="src\compiler.hpp">
      <Filter>Header Files</Filter>
    </ClInclude>
    <ClInclude Include="src\memory.hpp">
      <Filter>Header Files</Filter>
    </ClInclude>
    <ClInclude Include="src\prover.hpp">
      <Filter>Header Files</Filter>
    </ClInclude>
    <ClInclude Include="src\filter.hpp">
      <Filter>Header Files</Filter>
    </ClInclude>
    <ClInclude Include="src\conjecturer.hpp">
      <Filter>Header Files</Filter>
    </ClInclude>
    <ClInclude Include="src\parameters.hpp">
      <Filter>Header Files</Filter>
    </ClInclude>
    <ClInclude Include="src\compressor.hpp">
      <Filter>Header Files</Filter>
    </ClInclude>
    <ClInclude Include="src\run_modes.hpp">
      <Filter>Header Files</Filter>
    </ClInclude>
    <ClInclude Include="src\json.hpp">
      <Filter>Header Files</Filter>
    </ClInclude>
    <ClInclude Include="src\tests\test_harness.hpp">
      <Filter>Tests</Filter>
    </ClInclude>
  </ItemGroup>
</Project>
