<?xml version="1.0" encoding="utf-8"?>
<Project ToolsVersion="4.0" xmlns="http://schemas.microsoft.com/developer/msbuild/2003">
  <ItemGroup>
    <Filter Include="Source Files">
      <UniqueIdentifier>{4FC737F1-C7A5-4376-A066-2A32D752A2FF}</UniqueIdentifier>
      <Extensions>cpp;c;cc;cxx;c++;def;odl;idl;hpj;bat;asm;asmx</Extensions>
    </Filter>
    <Filter Include="Header Files">
      <UniqueIdentifier>{93995380-89BD-4b04-88EB-625FBE52EBFB}</UniqueIdentifier>
      <Extensions>h;hh;hpp;hxx;h++;hm;inl;inc;ipp;xsd</Extensions>
    </Filter>
    <Filter Include="Tests">
      <UniqueIdentifier>{B41E5D29-9C4F-4F1B-9E62-1B5FAC44E4D5}</UniqueIdentifier>
      <Extensions>cpp;hpp</Extensions>
    </Filter>
    <Filter Include="Infra">
      <UniqueIdentifier>{7B3F2C1E-4A9D-4E5B-8C6A-1F2D3B4E5C6F}</UniqueIdentifier>
      <Extensions>cpp;hpp</Extensions>
    </Filter>
    <Filter Include="Memory_Infra">
      <UniqueIdentifier>{2E8A4D7C-91B5-4C3F-A6E8-5D0B7F3C9A21}</UniqueIdentifier>
      <Extensions>cpp;hpp</Extensions>
    </Filter>
    <Filter Include="GPU">
      <UniqueIdentifier>{6F05BF70-6BB8-46B9-A6AE-C81D37AB07BC}</UniqueIdentifier>
      <Extensions>cu;hpp</Extensions>
    </Filter>
  </ItemGroup>
  <ItemGroup>
    <CudaCompile Include="src\gpu\phase2_cuda.cu">
      <Filter>GPU</Filter>
    </CudaCompile>
    <CudaCompile Include="src\tests\test_phase2_cuda.cu">
      <Filter>Tests</Filter>
    </CudaCompile>
  </ItemGroup>
  <ItemGroup>
    <ClCompile Include="src\main.cpp">
      <Filter>Source Files</Filter>
    </ClCompile>
    <ClCompile Include="src\compiler.cpp">
      <Filter>Source Files</Filter>
    </ClCompile>
    <ClCompile Include="src\prover.cpp">
      <Filter>Source Files</Filter>
    </ClCompile>
    <ClCompile Include="src\memory.cpp">
      <Filter>Source Files</Filter>
    </ClCompile>
    <ClCompile Include="src\filter.cpp">
      <Filter>Source Files</Filter>
    </ClCompile>
    <ClCompile Include="src\visualizer.cpp">
      <Filter>Source Files</Filter>
    </ClCompile>
    <ClCompile Include="src\compressor.cpp">
      <Filter>Source Files</Filter>
    </ClCompile>
    <ClCompile Include="src\run_modes.cpp">
      <Filter>Source Files</Filter>
    </ClCompile>
    <ClCompile Include="src\conjecturer.cpp">
      <Filter>Source Files</Filter>
    </ClCompile>
    <ClCompile Include="src\infra\hashburst_dump.cpp">
      <Filter>Infra</Filter>
    </ClCompile>
    <ClCompile Include="src\memory_infra\global_memory_manager.cpp">
      <Filter>Memory_Infra</Filter>
    </ClCompile>
    <ClCompile Include="src\memory_infra\lb_arena.cpp">
      <Filter>Memory_Infra</Filter>
    </ClCompile>
    <ClCompile Include="src\memory_infra\lb_store.cpp">
      <Filter>Memory_Infra</Filter>
    </ClCompile>
    <ClCompile Include="src\memory_infra\lb_deload.cpp">
      <Filter>Memory_Infra</Filter>
    </ClCompile>
    <ClCompile Include="src\memory_infra\deload_stats.cpp">
      <Filter>Memory_Infra</Filter>
    </ClCompile>
    <ClCompile Include="src\memory_infra\steward.cpp">
      <Filter>Memory_Infra</Filter>
    </ClCompile>
    <ClCompile Include="src\memory_infra\scratch_arena.cpp">
      <Filter>Memory_Infra</Filter>
    </ClCompile>
    <ClCompile Include="src\memory_infra\sealed_pages.cpp">
      <Filter>Memory_Infra</Filter>
    </ClCompile>
    <ClCompile Include="src\infra\rt_tracker.cpp">
      <Filter>Infra</Filter>
    </ClCompile>
    <ClCompile Include="src\infra\mem_tracker.cpp">
      <Filter>Infra</Filter>
    </ClCompile>
    <ClCompile Include="src\gpu\phase2_projection.cpp">
      <Filter>GPU</Filter>
    </ClCompile>
    <ClCompile Include="src\gpu\phase2_sealing.cpp">
      <Filter>GPU</Filter>
    </ClCompile>
    <ClCompile Include="src\tests\test_phase2_projection.cpp">
      <Filter>Tests</Filter>
    </ClCompile>
    <ClCompile Include="src\tests\test_harness.cpp">
      <Filter>Tests</Filter>
    </ClCompile>
    <ClCompile Include="src\tests\test_mem_tracker.cpp">
      <Filter>Tests</Filter>
    </ClCompile>
    <ClCompile Include="src\tests\test_memory.cpp">
      <Filter>Tests</Filter>
    </ClCompile>
    <ClCompile Include="src\tests\test_compiler.cpp">
      <Filter>Tests</Filter>
    </ClCompile>
    <ClCompile Include="src\tests\test_filter.cpp">
      <Filter>Tests</Filter>
    </ClCompile>
    <ClCompile Include="src\tests\test_compressor.cpp">
      <Filter>Tests</Filter>
    </ClCompile>
    <ClCompile Include="src\tests\test_conjecturer.cpp">
      <Filter>Tests</Filter>
    </ClCompile>
    <ClCompile Include="src\tests\test_contradiction_negated_head.cpp">
      <Filter>Tests</Filter>
    </ClCompile>
    <ClCompile Include="src\tests\test_or_intro_rules.cpp">
      <Filter>Tests</Filter>
    </ClCompile>
    <ClCompile Include="src\tests\test_or_elimination.cpp">
      <Filter>Tests</Filter>
    </ClCompile>
    <ClCompile Include="src\tests\test_antisym_variable_copy.cpp">
      <Filter>Tests</Filter>
    </ClCompile>
    <ClCompile Include="src\tests\test_output_collision_copy.cpp">
      <Filter>Tests</Filter>
    </ClCompile>
    <ClCompile Include="src\tests\test_incubator_mail_routing.cpp">
      <Filter>Tests</Filter>
    </ClCompile>
    <ClCompile Include="src\tests\test_vacuous_premise_suppression.cpp">
      <Filter>Tests</Filter>
    </ClCompile>
    <ClCompile Include="src\tests\test_cleanup_levels_retention.cpp">
      <Filter>Tests</Filter>
    </ClCompile>
    <ClCompile Include="src\tests\test_theorem_sink_dedup.cpp">
      <Filter>Tests</Filter>
    </ClCompile>
    <ClCompile Include="src\tests\test_twin_deactivation.cpp">
      <Filter>Tests</Filter>
    </ClCompile>
    <ClCompile Include="src\tests\test_equi_reshuffle.cpp">
      <Filter>Tests</Filter>
    </ClCompile>
    <ClCompile Include="src\tests\test_theorem_usage_graph.cpp">
      <Filter>Tests</Filter>
    </ClCompile>
    <ClCompile Include="src\tests\test_lb_split.cpp">
      <Filter>Tests</Filter>
    </ClCompile>
    <ClCompile Include="src\tests\test_static_memory.cpp">
      <Filter>Tests</Filter>
    </ClCompile>
    <ClCompile Include="src\tests\test_lb_deload.cpp">
      <Filter>Tests</Filter>
    </ClCompile>
    <ClCompile Include="src\tests\test_steward.cpp">
      <Filter>Tests</Filter>
    </ClCompile>
    <ClCompile Include="src\tests\test_deload_stats.cpp">
      <Filter>Tests</Filter>
    </ClCompile>
    <ClCompile Include="src\tests\test_scratch_arena.cpp">
      <Filter>Tests</Filter>
    </ClCompile>
    <ClCompile Include="src\tests\test_scratch_string.cpp">
      <Filter>Tests</Filter>
    </ClCompile>
    <ClCompile Include="src\tests\test_sealed_pages.cpp">
      <Filter>Tests</Filter>
    </ClCompile>
    <ClCompile Include="src\tests\test_str_ops.cpp">
      <Filter>Tests</Filter>
    </ClCompile>
    <ClCompile Include="src\tests\test_cold_string_table.cpp">
      <Filter>Tests</Filter>
    </ClCompile>
    <ClCompile Include="src\tests\test_cold_hash_map.cpp">
      <Filter>Tests</Filter>
    </ClCompile>
    <ClCompile Include="src\tests\test_typed_cold_map.cpp">
      <Filter>Tests</Filter>
    </ClCompile>
    <ClCompile Include="src\tests\test_cold_mail.cpp">
      <Filter>Tests</Filter>
    </ClCompile>
    <ClCompile Include="src\tests\test_lb_arena.cpp">
      <Filter>Tests</Filter>
    </ClCompile>
    <ClCompile Include="src\tests\test_raw_image.cpp">
      <Filter>Tests</Filter>
    </ClCompile>
    <ClCompile Include="src\tests\test_arena_stack.cpp">
      <Filter>Tests</Filter>
    </ClCompile>
    <ClCompile Include="src\tests\test_request_key_build.cpp">
      <Filter>Tests</Filter>
    </ClCompile>
    <ClCompile Include="src\tests\test_key_encode_memo.cpp">
      <Filter>Tests</Filter>
    </ClCompile>
    <ClCompile Include="src\tests\test_rule_index_staging.cpp">
      <Filter>Tests</Filter>
    </ClCompile>
    <ClCompile Include="src\tests\test_two_target_install.cpp">
      <Filter>Tests</Filter>
    </ClCompile>
    <ClCompile Include="src\tests\test_rebuild_in_place.cpp">
      <Filter>Tests</Filter>
    </ClCompile>
    <ClCompile Include="src\tests\test_request_gates.cpp">
      <Filter>Tests</Filter>
    </ClCompile>
    <ClCompile Include="src\tests\test_arena_vector.cpp">
      <Filter>Tests</Filter>
    </ClCompile>
    <ClCompile Include="src\tests\test_lb_store.cpp">
      <Filter>Tests</Filter>
    </ClCompile>
  </ItemGroup>
  <ItemGroup>
    <ClInclude Include="src\compiler.hpp">
      <Filter>Header Files</Filter>
    </ClInclude>
    <ClInclude Include="src\memory.hpp">
      <Filter>Header Files</Filter>
    </ClInclude>
    <ClInclude Include="src\prover.hpp">
      <Filter>Header Files</Filter>
    </ClInclude>
    <ClInclude Include="src\filter.hpp">
      <Filter>Header Files</Filter>
    </ClInclude>
    <ClInclude Include="src\conjecturer.hpp">
      <Filter>Header Files</Filter>
    </ClInclude>
    <ClInclude Include="src\infra\hashburst_dump.hpp">
      <Filter>Infra</Filter>
    </ClInclude>
    <ClInclude Include="src\memory_infra\dirty_state.hpp">
      <Filter>Memory_Infra</Filter>
    </ClInclude>
    <ClInclude Include="src\memory_infra\global_memory_manager.hpp">
      <Filter>Memory_Infra</Filter>
    </ClInclude>
    <ClInclude Include="src\memory_infra\lb_arena.hpp">
      <Filter>Memory_Infra</Filter>
    </ClInclude>
    <ClInclude Include="src\memory_infra\arena_stack.hpp">
      <Filter>Memory_Infra</Filter>
    </ClInclude>
    <ClInclude Include="src\memory_infra\lb_store.hpp">
      <Filter>Memory_Infra</Filter>
    </ClInclude>
    <ClInclude Include="src\memory_infra\arena_vector.hpp">
      <Filter>Memory_Infra</Filter>
    </ClInclude>
    <ClInclude Include="src\memory_infra\int_encoded_expr.hpp">
      <Filter>Memory_Infra</Filter>
    </ClInclude>
    <ClInclude Include="src\memory_infra\lb_memory.hpp">
      <Filter>Memory_Infra</Filter>
    </ClInclude>
    <ClInclude Include="src\memory_infra\scratch_arena.hpp">
      <Filter>Memory_Infra</Filter>
    </ClInclude>
    <ClInclude Include="src\memory_infra\scratch_string.hpp">
      <Filter>Memory_Infra</Filter>
    </ClInclude>
    <ClInclude Include="src\memory_infra\sealed_pages.hpp">
      <Filter>Memory_Infra</Filter>
    </ClInclude>
    <ClInclude Include="src\memory_infra\str_ops.hpp">
      <Filter>Memory_Infra</Filter>
    </ClInclude>
    <ClInclude Include="src\memory_infra\cold_hash_map.hpp">
      <Filter>Memory_Infra</Filter>
    </ClInclude>
    <ClInclude Include="src\memory_infra\typed_cold_map.hpp">
      <Filter>Memory_Infra</Filter>
    </ClInclude>
    <ClInclude Include="src\memory_infra\hash_memory.hpp">
      <Filter>Memory_Infra</Filter>
    </ClInclude>
    <ClInclude Include="src\memory_infra\mail_types.hpp">
      <Filter>Memory_Infra</Filter>
    </ClInclude>
    <ClInclude Include="src\memory_infra\cold_mail.hpp">
      <Filter>Memory_Infra</Filter>
    </ClInclude>
    <ClInclude Include="src\memory_infra\paged_hash_index.hpp">
      <Filter>Memory_Infra</Filter>
    </ClInclude>
    <ClInclude Include="src\memory_infra\ptr_directory.hpp">
      <Filter>Memory_Infra</Filter>
    </ClInclude>
    <ClInclude Include="src\memory_infra\cold_string_table.hpp">
      <Filter>Memory_Infra</Filter>
    </ClInclude>
    <ClInclude Include="src\memory_infra\lb_deload.hpp">
      <Filter>Memory_Infra</Filter>
    </ClInclude>
    <ClInclude Include="src\memory_infra\deload_stats.hpp">
      <Filter>Memory_Infra</Filter>
    </ClInclude>
    <ClInclude Include="src\memory_infra\steward.hpp">
      <Filter>Memory_Infra</Filter>
    </ClInclude>
    <ClInclude Include="src\infra\rt_tracker.hpp">
      <Filter>Infra</Filter>
    </ClInclude>
    <ClInclude Include="src\infra\mem_tracker.hpp">
      <Filter>Infra</Filter>
    </ClInclude>
    <ClInclude Include="src\parameters.hpp">
      <Filter>Header Files</Filter>
    </ClInclude>
    <ClInclude Include="src\compressor.hpp">
      <Filter>Header Files</Filter>
    </ClInclude>
    <ClInclude Include="src\run_modes.hpp">
      <Filter>Header Files</Filter>
    </ClInclude>
    <ClInclude Include="src\json.hpp">
      <Filter>Header Files</Filter>
    </ClInclude>
    <ClInclude Include="src\tests\test_harness.hpp">
      <Filter>Tests</Filter>
    </ClInclude>
    <ClInclude Include="src\gpu\phase2_cuda.hpp">
      <Filter>GPU</Filter>
    </ClInclude>
    <ClInclude Include="src\gpu\phase2_projection.hpp">
      <Filter>GPU</Filter>
    </ClInclude>
    <ClInclude Include="src\gpu\phase2_sealing.hpp">
      <Filter>GPU</Filter>
    </ClInclude>
  </ItemGroup>
</Project>
